<?xml version="1.0" encoding="UTF-8" standalone="yes" ?>
<CodeBlocks_project_file>
	<FileVersion major="1" minor="6" />
	<Project>
		<Option title="j1j2hotrg" />
		<Option makefile_is_custom="1" />
		<Option execution_dir="../j1j2hotrg" />
		<Option pch_mode="2" />
		<Option compiler="gcc" />
		<Build>
			<Target title="Debug">
				<Option output="j1j2hotrg" prefix_auto="1" extension_auto="1" />
				<Option object_output="obj/Debug/" />
				<Option type="1" />
				<Option compiler="gcc" />
				<Option parameters="simparam.rc" />
				<Compiler>
					<Add option="-g" />
				</Compiler>
				<MakeCommands>
					<Build command="$make -Bj -f $makefile " />
					<CompileFile command="$make -Bj -f $makefile " />
					<Clean command="$make -Bj -f $makefile clean" />
					<DistClean command="$make -f $makefile distclean$target" />
					<AskRebuildNeeded command="$make -Bj -q -f $makefile " />
					<SilentBuild command="$make -Bj -f $makefile  &gt; $(CMD_NULL)" />
				</MakeCommands>
			</Target>
			<Target title="Release">
				<Option output="j1j2hotrg" prefix_auto="1" extension_auto="1" />
				<Option object_output="obj/Release/" />
				<Option type="1" />
				<Option compiler="gcc" />
				<Compiler>
					<Add option="-O2" />
				</Compiler>
				<Linker>
					<Add option="-s" />
				</Linker>
			</Target>
		</Build>
		<Compiler>
			<Add option="-Wall" />
		</Compiler>
		<Unit filename="Makefile" />
		<Unit filename="Parser.cpp" />
		<Unit filename="Parser.hpp" />
		<Unit filename="Utils.cpp" />
		<Unit filename="Utils.hpp" />
		<Unit filename="cg_lr.net" />
		<Unit filename="j1j2hotrg.cpp" />
		<Unit filename="lr.net" />
		<Unit filename="simparam.rc" />
		<Unit filename="ud.net" />
		<Extensions>
			<code_completion />
			<debugger />
		</Extensions>
	</Project>
</CodeBlocks_project_file>
